
Microsoft Visual Studio Solution File, Format Version 12.00
# Visual Studio Version 16
VisualStudioVersion = 16.0.30406.217
MinimumVisualStudioVersion = 10.0.40219.1
Project("{FAE04EC0-301F-11D3-BF4B-00C04F79EFBC}") = "Napier_Bank", "Napier_Bank\Napier_Bank.csproj", "{46C3AD68-AE98-4DE0-A597-4D0F398FF7D4}"
EndProject
Project("{FAE04EC0-301F-11D3-BF4B-00C04F79EFBC}") = "testing", "testing\testing.csproj", "{726CDB87-4237-4C7A-928B-F8D365774DAD}"
EndProject
Global
	GlobalSection(SolutionConfigurationPlatforms) = preSolution
		Debug|Any CPU = Debug|Any CPU
		Release|Any CPU = Release|Any CPU
	EndGlobalSection
	GlobalSection(ProjectConfigurationPlatforms) = postSolution
		{46C3AD68-AE98-4DE0-A597-4D0F398FF7D4}.Debug|Any CPU.ActiveCfg = Debug|Any CPU
		{46C3AD68-AE98-4DE0-A597-4D0F398FF7D4}.Debug|Any CPU.Build.0 = Debug|Any CPU
		{46C3AD68-AE98-4DE0-A597-4D0F398FF7D4}.Release|Any CPU.ActiveCfg = Release|Any CPU
		{46C3AD68-AE98-4DE0-A597-4D0F398FF7D4}.Release|Any CPU.Build.0 = Release|Any CPU
		{726CDB87-4237-4C7A-928B-F8D365774DAD}.Debug|Any CPU.ActiveCfg = Debug|Any CPU
		{726CDB87-4237-4C7A-928B-F8D365774DAD}.Debug|Any CPU.Build.0 = Debug|Any CPU
		{726CDB87-4237-4C7A-928B-F8D365774DAD}.Release|Any CPU.ActiveCfg = Release|Any CPU
		{726CDB87-4237-4C7A-928B-F8D365774DAD}.Release|Any CPU.Build.0 = Release|Any CPU
	EndGlobalSection
	GlobalSection(SolutionProperties) = preSolution
		HideSolutionNode = FALSE
	EndGlobalSection
	GlobalSection(ExtensibilityGlobals) = postSolution
		SolutionGuid = {0B978628-BAE6-4CB4-A5B6-CF81B07DE13A}
	EndGlobalSection
EndGlobal
